// !$*UTF8*$!
{
	archiveVersion = 1;
	classes = {
	};
	objectVersion = 55;
	objects = {

/* Begin PBXBuildFile section */
		0F4DC3AE2830069B0031B624 /* MyDailyLogApp.swift in Sources */ = {isa = PBXBuildFile; fileRef = 0F4DC3AD2830069B0031B624 /* MyDailyLogApp.swift */; };
		0F4DC3B02830069B0031B624 /* ContentView.swift in Sources */ = {isa = PBXBuildFile; fileRef = 0F4DC3AF2830069B0031B624 /* ContentView.swift */; };
		0F4DC3B22830069B0031B624 /* Assets.xcassets in Resources */ = {isa = PBXBuildFile; fileRef = 0F4DC3B12830069B0031B624 /* Assets.xcassets */; };
		0F4DC3B52830069B0031B624 /* Preview Assets.xcassets in Resources */ = {isa = PBXBuildFile; fileRef = 0F4DC3B42830069B0031B624 /* Preview Assets.xcassets */; };
		0F4DC3BF2830069B0031B624 /* MyDailyLogTests.swift in Sources */ = {isa = PBXBuildFile; fileRef = 0F4DC3BE2830069B0031B624 /* MyDailyLogTests.swift */; };
		0F4DC3C92830069B0031B624 /* MyDailyLogUITests.swift in Sources */ = {isa = PBXBuildFile; fileRef = 0F4DC3C82830069B0031B624 /* MyDailyLogUITests.swift */; };
		0F4DC3CB2830069B0031B624 /* MyDailyLogUITestsLaunchTests.swift in Sources */ = {isa = PBXBuildFile; fileRef = 0F4DC3CA2830069B0031B624 /* MyDailyLogUITestsLaunchTests.swift */; };
		0F4DC3D82830087E0031B624 /* Readme.md in Resources */ = {isa = PBXBuildFile; fileRef = 0F4DC3D72830087E0031B624 /* Readme.md */; };
		0F4DC3DA28300DEB0031B624 /* WelcomeView.swift in Sources */ = {isa = PBXBuildFile; fileRef = 0F4DC3D928300DEB0031B624 /* WelcomeView.swift */; };
		0F4DC3DC28300E020031B624 /* LoginView.swift in Sources */ = {isa = PBXBuildFile; fileRef = 0F4DC3DB28300E020031B624 /* LoginView.swift */; };
		0F4DC3DE28300E260031B624 /* HomeView.swift in Sources */ = {isa = PBXBuildFile; fileRef = 0F4DC3DD28300E260031B624 /* HomeView.swift */; };
		0F4DC3E028300E520031B624 /* CreationView.swift in Sources */ = {isa = PBXBuildFile; fileRef = 0F4DC3DF28300E520031B624 /* CreationView.swift */; };
		0F4DC3E228300E5F0031B624 /* ProfileView.swift in Sources */ = {isa = PBXBuildFile; fileRef = 0F4DC3E128300E5F0031B624 /* ProfileView.swift */; };
		0F4DC3E428300F2C0031B624 /* roughtDraft-design-2.png in Resources */ = {isa = PBXBuildFile; fileRef = 0F4DC3E328300F2C0031B624 /* roughtDraft-design-2.png */; };
		0F4DC42D28315B660031B624 /* GoogleService-Info.plist in Resources */ = {isa = PBXBuildFile; fileRef = 0F4DC42C28315B660031B624 /* GoogleService-Info.plist */; };
		0F4DC42E28315B660031B624 /* GoogleService-Info.plist in Resources */ = {isa = PBXBuildFile; fileRef = 0F4DC42C28315B660031B624 /* GoogleService-Info.plist */; };
		0F4DC42F28315B660031B624 /* GoogleService-Info.plist in Resources */ = {isa = PBXBuildFile; fileRef = 0F4DC42C28315B660031B624 /* GoogleService-Info.plist */; };
		0F97FC5D2831A20700E822AF /* RecoveryView.swift in Sources */ = {isa = PBXBuildFile; fileRef = 0F97FC5C2831A20700E822AF /* RecoveryView.swift */; };
		0F97FC632831DF7600E822AF /* Credentials.swift in Sources */ = {isa = PBXBuildFile; fileRef = 0F97FC622831DF7600E822AF /* Credentials.swift */; };
		0F97FC652831E0B000E822AF /* LoginModel.swift in Sources */ = {isa = PBXBuildFile; fileRef = 0F97FC642831E0B000E822AF /* LoginModel.swift */; };
		0F97FC672831E5BA00E822AF /* Authentification.swift in Sources */ = {isa = PBXBuildFile; fileRef = 0F97FC662831E5BA00E822AF /* Authentification.swift */; };
		33AD0D72B5E59E545E8FD678 /* Pods_MyDailyLog.framework in Frameworks */ = {isa = PBXBuildFile; fileRef = 14A30690F0494EE5944119C2 /* Pods_MyDailyLog.framework */; };
/* End PBXBuildFile section */

/* Begin PBXContainerItemProxy section */
		0F4DC3BB2830069B0031B624 /* PBXContainerItemProxy */ = {
			isa = PBXContainerItemProxy;
			containerPortal = 0F4DC3A22830069B0031B624 /* Project object */;
			proxyType = 1;
			remoteGlobalIDString = 0F4DC3A92830069B0031B624;
			remoteInfo = MyDailyLog;
		};
		0F4DC3C52830069B0031B624 /* PBXContainerItemProxy */ = {
			isa = PBXContainerItemProxy;
			containerPortal = 0F4DC3A22830069B0031B624 /* Project object */;
			proxyType = 1;
			remoteGlobalIDString = 0F4DC3A92830069B0031B624;
			remoteInfo = MyDailyLog;
		};
/* End PBXContainerItemProxy section */

/* Begin PBXFileReference section */
		0F4DC3AA2830069B0031B624 /* MyDailyLog.app */ = {isa = PBXFileReference; explicitFileType = wrapper.application; includeInIndex = 0; path = MyDailyLog.app; sourceTree = BUILT_PRODUCTS_DIR; };
		0F4DC3AD2830069B0031B624 /* MyDailyLogApp.swift */ = {isa = PBXFileReference; lastKnownFileType = sourcecode.swift; path = MyDailyLogApp.swift; sourceTree = "<group>"; };
		0F4DC3AF2830069B0031B624 /* ContentView.swift */ = {isa = PBXFileReference; lastKnownFileType = sourcecode.swift; path = ContentView.swift; sourceTree = "<group>"; };
		0F4DC3B12830069B0031B624 /* Assets.xcassets */ = {isa = PBXFileReference; lastKnownFileType = folder.assetcatalog; path = Assets.xcassets; sourceTree = "<group>"; };
		0F4DC3B42830069B0031B624 /* Preview Assets.xcassets */ = {isa = PBXFileReference; lastKnownFileType = folder.assetcatalog; path = "Preview Assets.xcassets"; sourceTree = "<group>"; };
		0F4DC3BA2830069B0031B624 /* MyDailyLogTests.xctest */ = {isa = PBXFileReference; explicitFileType = wrapper.cfbundle; includeInIndex = 0; path = MyDailyLogTests.xctest; sourceTree = BUILT_PRODUCTS_DIR; };
		0F4DC3BE2830069B0031B624 /* MyDailyLogTests.swift */ = {isa = PBXFileReference; lastKnownFileType = sourcecode.swift; path = MyDailyLogTests.swift; sourceTree = "<group>"; };
		0F4DC3C42830069B0031B624 /* MyDailyLogUITests.xctest */ = {isa = PBXFileReference; explicitFileType = wrapper.cfbundle; includeInIndex = 0; path = MyDailyLogUITests.xctest; sourceTree = BUILT_PRODUCTS_DIR; };
		0F4DC3C82830069B0031B624 /* MyDailyLogUITests.swift */ = {isa = PBXFileReference; lastKnownFileType = sourcecode.swift; path = MyDailyLogUITests.swift; sourceTree = "<group>"; };
		0F4DC3CA2830069B0031B624 /* MyDailyLogUITestsLaunchTests.swift */ = {isa = PBXFileReference; lastKnownFileType = sourcecode.swift; path = MyDailyLogUITestsLaunchTests.swift; sourceTree = "<group>"; };
		0F4DC3D72830087E0031B624 /* Readme.md */ = {isa = PBXFileReference; lastKnownFileType = net.daringfireball.markdown; path = Readme.md; sourceTree = "<group>"; };
		0F4DC3D928300DEB0031B624 /* WelcomeView.swift */ = {isa = PBXFileReference; lastKnownFileType = sourcecode.swift; path = WelcomeView.swift; sourceTree = "<group>"; };
		0F4DC3DB28300E020031B624 /* LoginView.swift */ = {isa = PBXFileReference; lastKnownFileType = sourcecode.swift; path = LoginView.swift; sourceTree = "<group>"; };
		0F4DC3DD28300E260031B624 /* HomeView.swift */ = {isa = PBXFileReference; lastKnownFileType = sourcecode.swift; path = HomeView.swift; sourceTree = "<group>"; };
		0F4DC3DF28300E520031B624 /* CreationView.swift */ = {isa = PBXFileReference; lastKnownFileType = sourcecode.swift; path = CreationView.swift; sourceTree = "<group>"; };
		0F4DC3E128300E5F0031B624 /* ProfileView.swift */ = {isa = PBXFileReference; lastKnownFileType = sourcecode.swift; path = ProfileView.swift; sourceTree = "<group>"; };
		0F4DC3E328300F2C0031B624 /* roughtDraft-design-2.png */ = {isa = PBXFileReference; lastKnownFileType = image.png; path = "roughtDraft-design-2.png"; sourceTree = "<group>"; };
		0F4DC42C28315B660031B624 /* GoogleService-Info.plist */ = {isa = PBXFileReference; fileEncoding = 4; lastKnownFileType = text.plist.xml; path = "GoogleService-Info.plist"; sourceTree = "<group>"; };
		0F97FC5C2831A20700E822AF /* RecoveryView.swift */ = {isa = PBXFileReference; lastKnownFileType = sourcecode.swift; path = RecoveryView.swift; sourceTree = "<group>"; };
		0F97FC622831DF7600E822AF /* Credentials.swift */ = {isa = PBXFileReference; lastKnownFileType = sourcecode.swift; path = Credentials.swift; sourceTree = "<group>"; };
		0F97FC642831E0B000E822AF /* LoginModel.swift */ = {isa = PBXFileReference; lastKnownFileType = sourcecode.swift; path = LoginModel.swift; sourceTree = "<group>"; };
		0F97FC662831E5BA00E822AF /* Authentification.swift */ = {isa = PBXFileReference; lastKnownFileType = sourcecode.swift; path = Authentification.swift; sourceTree = "<group>"; };
		14A30690F0494EE5944119C2 /* Pods_MyDailyLog.framework */ = {isa = PBXFileReference; explicitFileType = wrapper.framework; includeInIndex = 0; path = Pods_MyDailyLog.framework; sourceTree = BUILT_PRODUCTS_DIR; };
		5E0F5A8ECE876D1DFCEA150F /* Pods-MyDailyLog.release.xcconfig */ = {isa = PBXFileReference; includeInIndex = 1; lastKnownFileType = text.xcconfig; name = "Pods-MyDailyLog.release.xcconfig"; path = "Target Support Files/Pods-MyDailyLog/Pods-MyDailyLog.release.xcconfig"; sourceTree = "<group>"; };
		E6B2868AF3B50DC0D762220B /* Pods-MyDailyLog.debug.xcconfig */ = {isa = PBXFileReference; includeInIndex = 1; lastKnownFileType = text.xcconfig; name = "Pods-MyDailyLog.debug.xcconfig"; path = "Target Support Files/Pods-MyDailyLog/Pods-MyDailyLog.debug.xcconfig"; sourceTree = "<group>"; };
/* End PBXFileReference section */

/* Begin PBXFrameworksBuildPhase section */
		0F4DC3A72830069B0031B624 /* Frameworks */ = {
			isa = PBXFrameworksBuildPhase;
			buildActionMask = 2147483647;
			files = (
				33AD0D72B5E59E545E8FD678 /* Pods_MyDailyLog.framework in Frameworks */,
			);
			runOnlyForDeploymentPostprocessing = 0;
		};
		0F4DC3B72830069B0031B624 /* Frameworks */ = {
			isa = PBXFrameworksBuildPhase;
			buildActionMask = 2147483647;
			files = (
			);
			runOnlyForDeploymentPostprocessing = 0;
		};
		0F4DC3C12830069B0031B624 /* Frameworks */ = {
			isa = PBXFrameworksBuildPhase;
			buildActionMask = 2147483647;
			files = (
			);
			runOnlyForDeploymentPostprocessing = 0;
		};
/* End PBXFrameworksBuildPhase section */

/* Begin PBXGroup section */
		0F4DC3A12830069B0031B624 = {
			isa = PBXGroup;
			children = (
				0F4DC3E328300F2C0031B624 /* roughtDraft-design-2.png */,
				0F4DC3D72830087E0031B624 /* Readme.md */,
				0F4DC3AC2830069B0031B624 /* MyDailyLog */,
				0F4DC3BD2830069B0031B624 /* MyDailyLogTests */,
				0F4DC3C72830069B0031B624 /* MyDailyLogUITests */,
				0F4DC3AB2830069B0031B624 /* Products */,
				EB10221A3AA2C625D436CF1A /* Pods */,
				7DE31D4EC9AC4E909EDB142C /* Frameworks */,
			);
			sourceTree = "<group>";
		};
		0F4DC3AB2830069B0031B624 /* Products */ = {
			isa = PBXGroup;
			children = (
				0F4DC3AA2830069B0031B624 /* MyDailyLog.app */,
				0F4DC3BA2830069B0031B624 /* MyDailyLogTests.xctest */,
				0F4DC3C42830069B0031B624 /* MyDailyLogUITests.xctest */,
			);
			name = Products;
			sourceTree = "<group>";
		};
		0F4DC3AC2830069B0031B624 /* MyDailyLog */ = {
			isa = PBXGroup;
			children = (
				0F4DC3AD2830069B0031B624 /* MyDailyLogApp.swift */,
				0F97FC662831E5BA00E822AF /* Authentification.swift */,
				0F97FC602831DEE800E822AF /* Model */,
				0F97FC612831DEFD00E822AF /* View */,
				0F4DC42C28315B660031B624 /* GoogleService-Info.plist */,
				0F4DC3B12830069B0031B624 /* Assets.xcassets */,
				0F4DC3B32830069B0031B624 /* Preview Content */,
			);
			path = MyDailyLog;
			sourceTree = "<group>";
		};
		0F4DC3B32830069B0031B624 /* Preview Content */ = {
			isa = PBXGroup;
			children = (
				0F4DC3B42830069B0031B624 /* Preview Assets.xcassets */,
			);
			path = "Preview Content";
			sourceTree = "<group>";
		};
		0F4DC3BD2830069B0031B624 /* MyDailyLogTests */ = {
			isa = PBXGroup;
			children = (
				0F4DC3BE2830069B0031B624 /* MyDailyLogTests.swift */,
			);
			path = MyDailyLogTests;
			sourceTree = "<group>";
		};
		0F4DC3C72830069B0031B624 /* MyDailyLogUITests */ = {
			isa = PBXGroup;
			children = (
				0F4DC3C82830069B0031B624 /* MyDailyLogUITests.swift */,
				0F4DC3CA2830069B0031B624 /* MyDailyLogUITestsLaunchTests.swift */,
			);
			path = MyDailyLogUITests;
			sourceTree = "<group>";
		};
		0F97FC5E2831CC8D00E822AF /* Login */ = {
			isa = PBXGroup;
			children = (
				0F4DC3D928300DEB0031B624 /* WelcomeView.swift */,
				0F4DC3DB28300E020031B624 /* LoginView.swift */,
				0F97FC5C2831A20700E822AF /* RecoveryView.swift */,
			);
			path = Login;
			sourceTree = "<group>";
		};
		0F97FC5F2831CC9800E822AF /* Home */ = {
			isa = PBXGroup;
			children = (
				0F4DC3DD28300E260031B624 /* HomeView.swift */,
				0F4DC3DF28300E520031B624 /* CreationView.swift */,
				0F4DC3E128300E5F0031B624 /* ProfileView.swift */,
			);
			path = Home;
			sourceTree = "<group>";
		};
		0F97FC602831DEE800E822AF /* Model */ = {
			isa = PBXGroup;
			children = (
				0F97FC622831DF7600E822AF /* Credentials.swift */,
				0F97FC642831E0B000E822AF /* LoginModel.swift */,
			);
			path = Model;
			sourceTree = "<group>";
		};
		0F97FC612831DEFD00E822AF /* View */ = {
			isa = PBXGroup;
			children = (
				0F4DC3AF2830069B0031B624 /* ContentView.swift */,
				0F97FC5E2831CC8D00E822AF /* Login */,
				0F97FC5F2831CC9800E822AF /* Home */,
			);
			path = View;
			sourceTree = "<group>";
		};
		7DE31D4EC9AC4E909EDB142C /* Frameworks */ = {
			isa = PBXGroup;
			children = (
				14A30690F0494EE5944119C2 /* Pods_MyDailyLog.framework */,
			);
			name = Frameworks;
			sourceTree = "<group>";
		};
		EB10221A3AA2C625D436CF1A /* Pods */ = {
			isa = PBXGroup;
			children = (
				E6B2868AF3B50DC0D762220B /* Pods-MyDailyLog.debug.xcconfig */,
				5E0F5A8ECE876D1DFCEA150F /* Pods-MyDailyLog.release.xcconfig */,
			);
			path = Pods;
			sourceTree = "<group>";
		};
/* End PBXGroup section */

/* Begin PBXNativeTarget section */
		0F4DC3A92830069B0031B624 /* MyDailyLog */ = {
			isa = PBXNativeTarget;
			buildConfigurationList = 0F4DC3CE2830069B0031B624 /* Build configuration list for PBXNativeTarget "MyDailyLog" */;
			buildPhases = (
				EB2B1996FC81C11730BA6EAD /* [CP] Check Pods Manifest.lock */,
				0F4DC3A62830069B0031B624 /* Sources */,
				0F4DC3A72830069B0031B624 /* Frameworks */,
				0F4DC3A82830069B0031B624 /* Resources */,
			);
			buildRules = (
			);
			dependencies = (
			);
			name = MyDailyLog;
			productName = MyDailyLog;
			productReference = 0F4DC3AA2830069B0031B624 /* MyDailyLog.app */;
			productType = "com.apple.product-type.application";
		};
		0F4DC3B92830069B0031B624 /* MyDailyLogTests */ = {
			isa = PBXNativeTarget;
			buildConfigurationList = 0F4DC3D12830069B0031B624 /* Build configuration list for PBXNativeTarget "MyDailyLogTests" */;
			buildPhases = (
				0F4DC3B62830069B0031B624 /* Sources */,
				0F4DC3B72830069B0031B624 /* Frameworks */,
				0F4DC3B82830069B0031B624 /* Resources */,
			);
			buildRules = (
			);
			dependencies = (
				0F4DC3BC2830069B0031B624 /* PBXTargetDependency */,
			);
			name = MyDailyLogTests;
			productName = MyDailyLogTests;
			productReference = 0F4DC3BA2830069B0031B624 /* MyDailyLogTests.xctest */;
			productType = "com.apple.product-type.bundle.unit-test";
		};
		0F4DC3C32830069B0031B624 /* MyDailyLogUITests */ = {
			isa = PBXNativeTarget;
			buildConfigurationList = 0F4DC3D42830069B0031B624 /* Build configuration list for PBXNativeTarget "MyDailyLogUITests" */;
			buildPhases = (
				0F4DC3C02830069B0031B624 /* Sources */,
				0F4DC3C12830069B0031B624 /* Frameworks */,
				0F4DC3C22830069B0031B624 /* Resources */,
			);
			buildRules = (
			);
			dependencies = (
				0F4DC3C62830069B0031B624 /* PBXTargetDependency */,
			);
			name = MyDailyLogUITests;
			productName = MyDailyLogUITests;
			productReference = 0F4DC3C42830069B0031B624 /* MyDailyLogUITests.xctest */;
			productType = "com.apple.product-type.bundle.ui-testing";
		};
/* End PBXNativeTarget section */

/* Begin PBXProject section */
		0F4DC3A22830069B0031B624 /* Project object */ = {
			isa = PBXProject;
			attributes = {
				BuildIndependentTargetsInParallel = 1;
				LastSwiftUpdateCheck = 1330;
				LastUpgradeCheck = 1330;
				TargetAttributes = {
					0F4DC3A92830069B0031B624 = {
						CreatedOnToolsVersion = 13.3.1;
					};
					0F4DC3B92830069B0031B624 = {
						CreatedOnToolsVersion = 13.3.1;
						TestTargetID = 0F4DC3A92830069B0031B624;
					};
					0F4DC3C32830069B0031B624 = {
						CreatedOnToolsVersion = 13.3.1;
						TestTargetID = 0F4DC3A92830069B0031B624;
					};
				};
			};
			buildConfigurationList = 0F4DC3A52830069B0031B624 /* Build configuration list for PBXProject "MyDailyLog" */;
			compatibilityVersion = "Xcode 13.0";
			developmentRegion = en;
			hasScannedForEncodings = 0;
			knownRegions = (
				en,
				Base,
			);
			mainGroup = 0F4DC3A12830069B0031B624;
			productRefGroup = 0F4DC3AB2830069B0031B624 /* Products */;
			projectDirPath = "";
			projectRoot = "";
			targets = (
				0F4DC3A92830069B0031B624 /* MyDailyLog */,
				0F4DC3B92830069B0031B624 /* MyDailyLogTests */,
				0F4DC3C32830069B0031B624 /* MyDailyLogUITests */,
			);
		};
/* End PBXProject section */

/* Begin PBXResourcesBuildPhase section */
		0F4DC3A82830069B0031B624 /* Resources */ = {
			isa = PBXResourcesBuildPhase;
			buildActionMask = 2147483647;
			files = (
				0F4DC3B52830069B0031B624 /* Preview Assets.xcassets in Resources */,
				0F4DC42D28315B660031B624 /* GoogleService-Info.plist in Resources */,
				0F4DC3B22830069B0031B624 /* Assets.xcassets in Resources */,
				0F4DC3D82830087E0031B624 /* Readme.md in Resources */,
			);
			runOnlyForDeploymentPostprocessing = 0;
		};
		0F4DC3B82830069B0031B624 /* Resources */ = {
			isa = PBXResourcesBuildPhase;
			buildActionMask = 2147483647;
			files = (
				0F4DC42E28315B660031B624 /* GoogleService-Info.plist in Resources */,
			);
			runOnlyForDeploymentPostprocessing = 0;
		};
		0F4DC3C22830069B0031B624 /* Resources */ = {
			isa = PBXResourcesBuildPhase;
			buildActionMask = 2147483647;
			files = (
				0F4DC3E428300F2C0031B624 /* roughtDraft-design-2.png in Resources */,
				0F4DC42F28315B660031B624 /* GoogleService-Info.plist in Resources */,
			);
			runOnlyForDeploymentPostprocessing = 0;
		};
/* End PBXResourcesBuildPhase section */

/* Begin PBXShellScriptBuildPhase section */
		EB2B1996FC81C11730BA6EAD /* [CP] Check Pods Manifest.lock */ = {
			isa = PBXShellScriptBuildPhase;
			buildActionMask = 2147483647;
			files = (
			);
			inputFileListPaths = (
			);
			inputPaths = (
				"${PODS_PODFILE_DIR_PATH}/Podfile.lock",
				"${PODS_ROOT}/Manifest.lock",
			);
			name = "[CP] Check Pods Manifest.lock";
			outputFileListPaths = (
			);
			outputPaths = (
				"$(DERIVED_FILE_DIR)/Pods-MyDailyLog-checkManifestLockResult.txt",
			);
			runOnlyForDeploymentPostprocessing = 0;
			shellPath = /bin/sh;
			shellScript = "diff \"${PODS_PODFILE_DIR_PATH}/Podfile.lock\" \"${PODS_ROOT}/Manifest.lock\" > /dev/null\nif [ $? != 0 ] ; then\n    # print error to STDERR\n    echo \"error: The sandbox is not in sync with the Podfile.lock. Run 'pod install' or update your CocoaPods installation.\" >&2\n    exit 1\nfi\n# This output is used by Xcode 'outputs' to avoid re-running this script phase.\necho \"SUCCESS\" > \"${SCRIPT_OUTPUT_FILE_0}\"\n";
			showEnvVarsInLog = 0;
		};
/* End PBXShellScriptBuildPhase section */

/* Begin PBXSourcesBuildPhase section */
		0F4DC3A62830069B0031B624 /* Sources */ = {
			isa = PBXSourcesBuildPhase;
			buildActionMask = 2147483647;
			files = (
				0F4DC3DE28300E260031B624 /* HomeView.swift in Sources */,
				0F4DC3B02830069B0031B624 /* ContentView.swift in Sources */,
				0F4DC3DA28300DEB0031B624 /* WelcomeView.swift in Sources */,
				0F97FC632831DF7600E822AF /* Credentials.swift in Sources */,
				0F4DC3E228300E5F0031B624 /* ProfileView.swift in Sources */,
				0F97FC652831E0B000E822AF /* LoginModel.swift in Sources */,
				0F4DC3DC28300E020031B624 /* LoginView.swift in Sources */,
				0F4DC3AE2830069B0031B624 /* MyDailyLogApp.swift in Sources */,
				0F4DC3E028300E520031B624 /* CreationView.swift in Sources */,
				0F97FC672831E5BA00E822AF /* Authentification.swift in Sources */,
				0F97FC5D2831A20700E822AF /* RecoveryView.swift in Sources */,
			);
			runOnlyForDeploymentPostprocessing = 0;
		};
		0F4DC3B62830069B0031B624 /* Sources */ = {
			isa = PBXSourcesBuildPhase;
			buildActionMask = 2147483647;
			files = (
				0F4DC3BF2830069B0031B624 /* MyDailyLogTests.swift in Sources */,
			);
			runOnlyForDeploymentPostprocessing = 0;
		};
		0F4DC3C02830069B0031B624 /* Sources */ = {
			isa = PBXSourcesBuildPhase;
			buildActionMask = 2147483647;
			files = (
				0F4DC3C92830069B0031B624 /* MyDailyLogUITests.swift in Sources */,
				0F4DC3CB2830069B0031B624 /* MyDailyLogUITestsLaunchTests.swift in Sources */,
			);
			runOnlyForDeploymentPostprocessing = 0;
		};
/* End PBXSourcesBuildPhase section */

/* Begin PBXTargetDependency section */
		0F4DC3BC2830069B0031B624 /* PBXTargetDependency */ = {
			isa = PBXTargetDependency;
			target = 0F4DC3A92830069B0031B624 /* MyDailyLog */;
			targetProxy = 0F4DC3BB2830069B0031B624 /* PBXContainerItemProxy */;
		};
		0F4DC3C62830069B0031B624 /* PBXTargetDependency */ = {
			isa = PBXTargetDependency;
			target = 0F4DC3A92830069B0031B624 /* MyDailyLog */;
			targetProxy = 0F4DC3C52830069B0031B624 /* PBXContainerItemProxy */;
		};
/* End PBXTargetDependency section */

/* Begin XCBuildConfiguration section */
		0F4DC3CC2830069B0031B624 /* Debug */ = {
			isa = XCBuildConfiguration;
			buildSettings = {
				ALWAYS_SEARCH_USER_PATHS = NO;
				CLANG_ANALYZER_NONNULL = YES;
				CLANG_ANALYZER_NUMBER_OBJECT_CONVERSION = YES_AGGRESSIVE;
				CLANG_CXX_LANGUAGE_STANDARD = "gnu++17";
				CLANG_ENABLE_MODULES = YES;
				CLANG_ENABLE_OBJC_ARC = YES;
				CLANG_ENABLE_OBJC_WEAK = YES;
				CLANG_WARN_BLOCK_CAPTURE_AUTORELEASING = YES;
				CLANG_WARN_BOOL_CONVERSION = YES;
				CLANG_WARN_COMMA = YES;
				CLANG_WARN_CONSTANT_CONVERSION = YES;
				CLANG_WARN_DEPRECATED_OBJC_IMPLEMENTATIONS = YES;
				CLANG_WARN_DIRECT_OBJC_ISA_USAGE = YES_ERROR;
				CLANG_WARN_DOCUMENTATION_COMMENTS = YES;
				CLANG_WARN_EMPTY_BODY = YES;
				CLANG_WARN_ENUM_CONVERSION = YES;
				CLANG_WARN_INFINITE_RECURSION = YES;
				CLANG_WARN_INT_CONVERSION = YES;
				CLANG_WARN_NON_LITERAL_NULL_CONVERSION = YES;
				CLANG_WARN_OBJC_IMPLICIT_RETAIN_SELF = YES;
				CLANG_WARN_OBJC_LITERAL_CONVERSION = YES;
				CLANG_WARN_OBJC_ROOT_CLASS = YES_ERROR;
				CLANG_WARN_QUOTED_INCLUDE_IN_FRAMEWORK_HEADER = YES;
				CLANG_WARN_RANGE_LOOP_ANALYSIS = YES;
				CLANG_WARN_STRICT_PROTOTYPES = YES;
				CLANG_WARN_SUSPICIOUS_MOVE = YES;
				CLANG_WARN_UNGUARDED_AVAILABILITY = YES_AGGRESSIVE;
				CLANG_WARN_UNREACHABLE_CODE = YES;
				CLANG_WARN__DUPLICATE_METHOD_MATCH = YES;
				COPY_PHASE_STRIP = NO;
				DEBUG_INFORMATION_FORMAT = dwarf;
				ENABLE_STRICT_OBJC_MSGSEND = YES;
				ENABLE_TESTABILITY = YES;
				GCC_C_LANGUAGE_STANDARD = gnu11;
				GCC_DYNAMIC_NO_PIC = NO;
				GCC_NO_COMMON_BLOCKS = YES;
				GCC_OPTIMIZATION_LEVEL = 0;
				GCC_PREPROCESSOR_DEFINITIONS = (
					"DEBUG=1",
					"$(inherited)",
				);
				GCC_WARN_64_TO_32_BIT_CONVERSION = YES;
				GCC_WARN_ABOUT_RETURN_TYPE = YES_ERROR;
				GCC_WARN_UNDECLARED_SELECTOR = YES;
				GCC_WARN_UNINITIALIZED_AUTOS = YES_AGGRESSIVE;
				GCC_WARN_UNUSED_FUNCTION = YES;
				GCC_WARN_UNUSED_VARIABLE = YES;
				IPHONEOS_DEPLOYMENT_TARGET = 15.4;
				MTL_ENABLE_DEBUG_INFO = INCLUDE_SOURCE;
				MTL_FAST_MATH = YES;
				ONLY_ACTIVE_ARCH = YES;
				SDKROOT = iphoneos;
				SWIFT_ACTIVE_COMPILATION_CONDITIONS = DEBUG;
				SWIFT_OPTIMIZATION_LEVEL = "-Onone";
			};
			name = Debug;
		};
		0F4DC3CD2830069B0031B624 /* Release */ = {
			isa = XCBuildConfiguration;
			buildSettings = {
				ALWAYS_SEARCH_USER_PATHS = NO;
				CLANG_ANALYZER_NONNULL = YES;
				CLANG_ANALYZER_NUMBER_OBJECT_CONVERSION = YES_AGGRESSIVE;
				CLANG_CXX_LANGUAGE_STANDARD = "gnu++17";
				CLANG_ENABLE_MODULES = YES;
				CLANG_ENABLE_OBJC_ARC = YES;
				CLANG_ENABLE_OBJC_WEAK = YES;
				CLANG_WARN_BLOCK_CAPTURE_AUTORELEASING = YES;
				CLANG_WARN_BOOL_CONVERSION = YES;
				CLANG_WARN_COMMA = YES;
				CLANG_WARN_CONSTANT_CONVERSION = YES;
				CLANG_WARN_DEPRECATED_OBJC_IMPLEMENTATIONS = YES;
				CLANG_WARN_DIRECT_OBJC_ISA_USAGE = YES_ERROR;
				CLANG_WARN_DOCUMENTATION_COMMENTS = YES;
				CLANG_WARN_EMPTY_BODY = YES;
				CLANG_WARN_ENUM_CONVERSION = YES;
				CLANG_WARN_INFINITE_RECURSION = YES;
				CLANG_WARN_INT_CONVERSION = YES;
				CLANG_WARN_NON_LITERAL_NULL_CONVERSION = YES;
				CLANG_WARN_OBJC_IMPLICIT_RETAIN_SELF = YES;
				CLANG_WARN_OBJC_LITERAL_CONVERSION = YES;
				CLANG_WARN_OBJC_ROOT_CLASS = YES_ERROR;
				CLANG_WARN_QUOTED_INCLUDE_IN_FRAMEWORK_HEADER = YES;
				CLANG_WARN_RANGE_LOOP_ANALYSIS = YES;
				CLANG_WARN_STRICT_PROTOTYPES = YES;
				CLANG_WARN_SUSPICIOUS_MOVE = YES;
				CLANG_WARN_UNGUARDED_AVAILABILITY = YES_AGGRESSIVE;
				CLANG_WARN_UNREACHABLE_CODE = YES;
				CLANG_WARN__DUPLICATE_METHOD_MATCH = YES;
				COPY_PHASE_STRIP = NO;
				DEBUG_INFORMATION_FORMAT = "dwarf-with-dsym";
				ENABLE_NS_ASSERTIONS = NO;
				ENABLE_STRICT_OBJC_MSGSEND = YES;
				GCC_C_LANGUAGE_STANDARD = gnu11;
				GCC_NO_COMMON_BLOCKS = YES;
				GCC_WARN_64_TO_32_BIT_CONVERSION = YES;
				GCC_WARN_ABOUT_RETURN_TYPE = YES_ERROR;
				GCC_WARN_UNDECLARED_SELECTOR = YES;
				GCC_WARN_UNINITIALIZED_AUTOS = YES_AGGRESSIVE;
				GCC_WARN_UNUSED_FUNCTION = YES;
				GCC_WARN_UNUSED_VARIABLE = YES;
				IPHONEOS_DEPLOYMENT_TARGET = 15.4;
				MTL_ENABLE_DEBUG_INFO = NO;
				MTL_FAST_MATH = YES;
				SDKROOT = iphoneos;
				SWIFT_COMPILATION_MODE = wholemodule;
				SWIFT_OPTIMIZATION_LEVEL = "-O";
				VALIDATE_PRODUCT = YES;
			};
			name = Release;
		};
		0F4DC3CF2830069B0031B624 /* Debug */ = {
			isa = XCBuildConfiguration;
			baseConfigurationReference = E6B2868AF3B50DC0D762220B /* Pods-MyDailyLog.debug.xcconfig */;
			buildSettings = {
				ASSETCATALOG_COMPILER_APPICON_NAME = AppIcon;
				ASSETCATALOG_COMPILER_GLOBAL_ACCENT_COLOR_NAME = AccentColor;
				ASSETCATALOG_COMPILER_INCLUDE_ALL_APPICON_ASSETS = NO;
				CODE_SIGN_STYLE = Automatic;
				CURRENT_PROJECT_VERSION = 1;
				DEVELOPMENT_ASSET_PATHS = "\"MyDailyLog/Preview Content\"";
				DEVELOPMENT_TEAM = WGVRJ4U92U;
				ENABLE_PREVIEWS = YES;
				GENERATE_INFOPLIST_FILE = YES;
				INFOPLIST_KEY_UIApplicationSceneManifest_Generation = YES;
				INFOPLIST_KEY_UIApplicationSupportsIndirectInputEvents = YES;
				INFOPLIST_KEY_UILaunchScreen_Generation = YES;
				INFOPLIST_KEY_UISupportedInterfaceOrientations = UIInterfaceOrientationPortrait;
				INFOPLIST_KEY_UISupportedInterfaceOrientations_iPad = "UIInterfaceOrientationPortrait UIInterfaceOrientationPortraitUpsideDown UIInterfaceOrientationLandscapeLeft UIInterfaceOrientationLandscapeRight";
				INFOPLIST_KEY_UISupportedInterfaceOrientations_iPhone = "UIInterfaceOrientationPortrait UIInterfaceOrientationLandscapeLeft UIInterfaceOrientationLandscapeRight";
				LD_RUNPATH_SEARCH_PATHS = (
					"$(inherited)",
					"@executable_path/Frameworks",
				);
				MARKETING_VERSION = 1.0;
				PRODUCT_BUNDLE_IDENTIFIER = com.st3veshi.MyDailyLog;
				PRODUCT_NAME = "$(TARGET_NAME)";
				SWIFT_EMIT_LOC_STRINGS = YES;
				SWIFT_VERSION = 5.0;
				TARGETED_DEVICE_FAMILY = "1,2";
			};
			name = Debug;
		};
		0F4DC3D02830069B0031B624 /* Release */ = {
			isa = XCBuildConfiguration;
			baseConfigurationReference = 5E0F5A8ECE876D1DFCEA150F /* Pods-MyDailyLog.release.xcconfig */;
			buildSettings = {
				ASSETCATALOG_COMPILER_APPICON_NAME = AppIcon;
				ASSETCATALOG_COMPILER_GLOBAL_ACCENT_COLOR_NAME = AccentColor;
				ASSETCATALOG_COMPILER_INCLUDE_ALL_APPICON_ASSETS = NO;
				CODE_SIGN_STYLE = Automatic;
				CURRENT_PROJECT_VERSION = 1;
				DEVELOPMENT_ASSET_PATHS = "\"MyDailyLog/Preview Content\"";
				DEVELOPMENT_TEAM = WGVRJ4U92U;
				ENABLE_PREVIEWS = YES;
				GENERATE_INFOPLIST_FILE = YES;
				INFOPLIST_KEY_UIApplicationSceneManifest_Generation = YES;
				INFOPLIST_KEY_UIApplicationSupportsIndirectInputEvents = YES;
				INFOPLIST_KEY_UILaunchScreen_Generation = YES;
				INFOPLIST_KEY_UISupportedInterfaceOrientations = UIInterfaceOrientationPortrait;
				INFOPLIST_KEY_UISupportedInterfaceOrientations_iPad = "UIInterfaceOrientationPortrait UIInterfaceOrientationPortraitUpsideDown UIInterfaceOrientationLandscapeLeft UIInterfaceOrientationLandscapeRight";
				INFOPLIST_KEY_UISupportedInterfaceOrientations_iPhone = "UIInterfaceOrientationPortrait UIInterfaceOrientationLandscapeLeft UIInterfaceOrientationLandscapeRight";
				LD_RUNPATH_SEARCH_PATHS = (
					"$(inherited)",
					"@executable_path/Frameworks",
				);
				MARKETING_VERSION = 1.0;
				PRODUCT_BUNDLE_IDENTIFIER = com.st3veshi.MyDailyLog;
				PRODUCT_NAME = "$(TARGET_NAME)";
				SWIFT_EMIT_LOC_STRINGS = YES;
				SWIFT_VERSION = 5.0;
				TARGETED_DEVICE_FAMILY = "1,2";
			};
			name = Release;
		};
		0F4DC3D22830069B0031B624 /* Debug */ = {
			isa = XCBuildConfiguration;
			buildSettings = {
				ALWAYS_EMBED_SWIFT_STANDARD_LIBRARIES = YES;
				BUNDLE_LOADER = "$(TEST_HOST)";
				CODE_SIGN_STYLE = Automatic;
				CURRENT_PROJECT_VERSION = 1;
				DEVELOPMENT_TEAM = WGVRJ4U92U;
				GENERATE_INFOPLIST_FILE = YES;
				IPHONEOS_DEPLOYMENT_TARGET = 15.4;
				MARKETING_VERSION = 1.0;
				PRODUCT_BUNDLE_IDENTIFIER = com.st3veshi.MyDailyLogTests;
				PRODUCT_NAME = "$(TARGET_NAME)";
				SWIFT_EMIT_LOC_STRINGS = NO;
				SWIFT_VERSION = 5.0;
				TARGETED_DEVICE_FAMILY = "1,2";
				TEST_HOST = "$(BUILT_PRODUCTS_DIR)/MyDailyLog.app/MyDailyLog";
			};
			name = Debug;
		};
		0F4DC3D32830069B0031B624 /* Release */ = {
			isa = XCBuildConfiguration;
			buildSettings = {
				ALWAYS_EMBED_SWIFT_STANDARD_LIBRARIES = YES;
				BUNDLE_LOADER = "$(TEST_HOST)";
				CODE_SIGN_STYLE = Automatic;
				CURRENT_PROJECT_VERSION = 1;
				DEVELOPMENT_TEAM = WGVRJ4U92U;
				GENERATE_INFOPLIST_FILE = YES;
				IPHONEOS_DEPLOYMENT_TARGET = 15.4;
				MARKETING_VERSION = 1.0;
				PRODUCT_BUNDLE_IDENTIFIER = com.st3veshi.MyDailyLogTests;
				PRODUCT_NAME = "$(TARGET_NAME)";
				SWIFT_EMIT_LOC_STRINGS = NO;
				SWIFT_VERSION = 5.0;
				TARGETED_DEVICE_FAMILY = "1,2";
				TEST_HOST = "$(BUILT_PRODUCTS_DIR)/MyDailyLog.app/MyDailyLog";
			};
			name = Release;
		};
		0F4DC3D52830069B0031B624 /* Debug */ = {
			isa = XCBuildConfiguration;
			buildSettings = {
				ALWAYS_EMBED_SWIFT_STANDARD_LIBRARIES = YES;
				CODE_SIGN_STYLE = Automatic;
				CURRENT_PROJECT_VERSION = 1;
				DEVELOPMENT_TEAM = WGVRJ4U92U;
				GENERATE_INFOPLIST_FILE = YES;
				MARKETING_VERSION = 1.0;
				PRODUCT_BUNDLE_IDENTIFIER = com.st3veshi.MyDailyLogUITests;
				PRODUCT_NAME = "$(TARGET_NAME)";
				SWIFT_EMIT_LOC_STRINGS = NO;
				SWIFT_VERSION = 5.0;
				TARGETED_DEVICE_FAMILY = "1,2";
				TEST_TARGET_NAME = MyDailyLog;
			};
			name = Debug;
		};
		0F4DC3D62830069B0031B624 /* Release */ = {
			isa = XCBuildConfiguration;
			buildSettings = {
				ALWAYS_EMBED_SWIFT_STANDARD_LIBRARIES = YES;
				CODE_SIGN_STYLE = Automatic;
				CURRENT_PROJECT_VERSION = 1;
				DEVELOPMENT_TEAM = WGVRJ4U92U;
				GENERATE_INFOPLIST_FILE = YES;
				MARKETING_VERSION = 1.0;
				PRODUCT_BUNDLE_IDENTIFIER = com.st3veshi.MyDailyLogUITests;
				PRODUCT_NAME = "$(TARGET_NAME)";
				SWIFT_EMIT_LOC_STRINGS = NO;
				SWIFT_VERSION = 5.0;
				TARGETED_DEVICE_FAMILY = "1,2";
				TEST_TARGET_NAME = MyDailyLog;
			};
			name = Release;
		};
/* End XCBuildConfiguration section */

/* Begin XCConfigurationList section */
		0F4DC3A52830069B0031B624 /* Build configuration list for PBXProject "MyDailyLog" */ = {
			isa = XCConfigurationList;
			buildConfigurations = (
				0F4DC3CC2830069B0031B624 /* Debug */,
				0F4DC3CD2830069B0031B624 /* Release */,
			);
			defaultConfigurationIsVisible = 0;
			defaultConfigurationName = Release;
		};
		0F4DC3CE2830069B0031B624 /* Build configuration list for PBXNativeTarget "MyDailyLog" */ = {
			isa = XCConfigurationList;
			buildConfigurations = (
				0F4DC3CF2830069B0031B624 /* Debug */,
				0F4DC3D02830069B0031B624 /* Release */,
			);
			defaultConfigurationIsVisible = 0;
			defaultConfigurationName = Release;
		};
		0F4DC3D12830069B0031B624 /* Build configuration list for PBXNativeTarget "MyDailyLogTests" */ = {
			isa = XCConfigurationList;
			buildConfigurations = (
				0F4DC3D22830069B0031B624 /* Debug */,
				0F4DC3D32830069B0031B624 /* Release */,
			);
			defaultConfigurationIsVisible = 0;
			defaultConfigurationName = Release;
		};
		0F4DC3D42830069B0031B624 /* Build configuration list for PBXNativeTarget "MyDailyLogUITests" */ = {
			isa = XCConfigurationList;
			buildConfigurations = (
				0F4DC3D52830069B0031B624 /* Debug */,
				0F4DC3D62830069B0031B624 /* Release */,
			);
			defaultConfigurationIsVisible = 0;
			defaultConfigurationName = Release;
		};
/* End XCConfigurationList section */
	};
	rootObject = 0F4DC3A22830069B0031B624 /* Project object */;
}
